// !$*UTF8*$!
{
	archiveVersion = 1;
	classes = {
	};
	objectVersion = 50;
	objects = {

/* Begin PBXBuildFile section */
		FADF57962468A72F005D5E3B /* AppDelegate.swift in Sources */ = {isa = PBXBuildFile; fileRef = FADF57952468A72F005D5E3B /* AppDelegate.swift */; };
		FADF57982468A72F005D5E3B /* ViewController.swift in Sources */ = {isa = PBXBuildFile; fileRef = FADF57972468A72F005D5E3B /* ViewController.swift */; };
		FADF579B2468A72F005D5E3B /* Main.storyboard in Resources */ = {isa = PBXBuildFile; fileRef = FADF57992468A72F005D5E3B /* Main.storyboard */; };
		FADF579D2468A730005D5E3B /* Assets.xcassets in Resources */ = {isa = PBXBuildFile; fileRef = FADF579C2468A730005D5E3B /* Assets.xcassets */; };
		FADF57A02468A730005D5E3B /* LaunchScreen.storyboard in Resources */ = {isa = PBXBuildFile; fileRef = FADF579E2468A730005D5E3B /* LaunchScreen.storyboard */; };
		FADF57A82468A762005D5E3B /* FirstViewController.swift in Sources */ = {isa = PBXBuildFile; fileRef = FADF57A72468A762005D5E3B /* FirstViewController.swift */; };
		FADF57AA2468A772005D5E3B /* SecondViewController.swift in Sources */ = {isa = PBXBuildFile; fileRef = FADF57A92468A772005D5E3B /* SecondViewController.swift */; };
		FADF57AC2468A7D9005D5E3B /* VCLLoggingViewController.swift in Sources */ = {isa = PBXBuildFile; fileRef = FADF57AB2468A7D9005D5E3B /* VCLLoggingViewController.swift */; };
/* End PBXBuildFile section */

/* Begin PBXFileReference section */
		FADF57922468A72F005D5E3B /* iOS-Swift-LifeCycle.app */ = {isa = PBXFileReference; explicitFileType = wrapper.application; includeInIndex = 0; path = "iOS-Swift-LifeCycle.app"; sourceTree = BUILT_PRODUCTS_DIR; };
		FADF57952468A72F005D5E3B /* AppDelegate.swift */ = {isa = PBXFileReference; lastKnownFileType = sourcecode.swift; path = AppDelegate.swift; sourceTree = "<group>"; };
		FADF57972468A72F005D5E3B /* ViewController.swift */ = {isa = PBXFileReference; lastKnownFileType = sourcecode.swift; path = ViewController.swift; sourceTree = "<group>"; };
		FADF579A2468A72F005D5E3B /* Base */ = {isa = PBXFileReference; lastKnownFileType = file.storyboard; name = Base; path = Base.lproj/Main.storyboard; sourceTree = "<group>"; };
		FADF579C2468A730005D5E3B /* Assets.xcassets */ = {isa = PBXFileReference; lastKnownFileType = folder.assetcatalog; path = Assets.xcassets; sourceTree = "<group>"; };
		FADF579F2468A730005D5E3B /* Base */ = {isa = PBXFileReference; lastKnownFileType = file.storyboard; name = Base; path = Base.lproj/LaunchScreen.storyboard; sourceTree = "<group>"; };
		FADF57A12468A730005D5E3B /* Info.plist */ = {isa = PBXFileReference; lastKnownFileType = text.plist.xml; path = Info.plist; sourceTree = "<group>"; };
		FADF57A72468A762005D5E3B /* FirstViewController.swift */ = {isa = PBXFileReference; lastKnownFileType = sourcecode.swift; path = FirstViewController.swift; sourceTree = "<group>"; };
		FADF57A92468A772005D5E3B /* SecondViewController.swift */ = {isa = PBXFileReference; lastKnownFileType = sourcecode.swift; path = SecondViewController.swift; sourceTree = "<group>"; };
		FADF57AB2468A7D9005D5E3B /* VCLLoggingViewController.swift */ = {isa = PBXFileReference; fileEncoding = 4; lastKnownFileType = sourcecode.swift; path = VCLLoggingViewController.swift; sourceTree = "<group>"; };
/* End PBXFileReference section */

/* Begin PBXFrameworksBuildPhase section */
		FADF578F2468A72F005D5E3B /* Frameworks */ = {
			isa = PBXFrameworksBuildPhase;
			buildActionMask = 2147483647;
			files = (
			);
			runOnlyForDeploymentPostprocessing = 0;
		};
/* End PBXFrameworksBuildPhase section */

/* Begin PBXGroup section */
		FADF57892468A72F005D5E3B = {
			isa = PBXGroup;
			children = (
				FADF57942468A72F005D5E3B /* iOS-Swift-LifeCycle */,
				FADF57932468A72F005D5E3B /* Products */,
			);
			sourceTree = "<group>";
		};
		FADF57932468A72F005D5E3B /* Products */ = {
			isa = PBXGroup;
			children = (
				FADF57922468A72F005D5E3B /* iOS-Swift-LifeCycle.app */,
			);
			name = Products;
			sourceTree = "<group>";
		};
		FADF57942468A72F005D5E3B /* iOS-Swift-LifeCycle */ = {
			isa = PBXGroup;
			children = (
				FADF57952468A72F005D5E3B /* AppDelegate.swift */,
				FADF57972468A72F005D5E3B /* ViewController.swift */,
				FADF57A72468A762005D5E3B /* FirstViewController.swift */,
				FADF57A92468A772005D5E3B /* SecondViewController.swift */,
				FADF57AB2468A7D9005D5E3B /* VCLLoggingViewController.swift */,
				FADF57992468A72F005D5E3B /* Main.storyboard */,
				FADF579C2468A730005D5E3B /* Assets.xcassets */,
				FADF579E2468A730005D5E3B /* LaunchScreen.storyboard */,
				FADF57A12468A730005D5E3B /* Info.plist */,
			);
			path = "iOS-Swift-LifeCycle";
			sourceTree = "<group>";
		};
/* End PBXGroup section */

/* Begin PBXNativeTarget section */
		FADF57912468A72F005D5E3B /* iOS-Swift-LifeCycle */ = {
			isa = PBXNativeTarget;
			buildConfigurationList = FADF57A42468A730005D5E3B /* Build configuration list for PBXNativeTarget "iOS-Swift-LifeCycle" */;
			buildPhases = (
				FADF578E2468A72F005D5E3B /* Sources */,
				FADF578F2468A72F005D5E3B /* Frameworks */,
				FADF57902468A72F005D5E3B /* Resources */,
			);
			buildRules = (
			);
			dependencies = (
			);
			name = "iOS-Swift-LifeCycle";
			productName = "iOS-Swift-LifeCycle";
			productReference = FADF57922468A72F005D5E3B /* iOS-Swift-LifeCycle.app */;
			productType = "com.apple.product-type.application";
		};
/* End PBXNativeTarget section */

/* Begin PBXProject section */
		FADF578A2468A72F005D5E3B /* Project object */ = {
			isa = PBXProject;
			attributes = {
				LastSwiftUpdateCheck = 1010;
				LastUpgradeCheck = 1010;
				ORGANIZATIONNAME = centurytrail.com;
				TargetAttributes = {
					FADF57912468A72F005D5E3B = {
						CreatedOnToolsVersion = 10.1;
					};
				};
			};
			buildConfigurationList = FADF578D2468A72F005D5E3B /* Build configuration list for PBXProject "iOS-Swift-LifeCycle" */;
			compatibilityVersion = "Xcode 9.3";
			developmentRegion = en;
			hasScannedForEncodings = 0;
			knownRegions = (
				en,
				Base,
			);
			mainGroup = FADF57892468A72F005D5E3B;
			productRefGroup = FADF57932468A72F005D5E3B /* Products */;
			projectDirPath = "";
			projectRoot = "";
			targets = (
				FADF57912468A72F005D5E3B /* iOS-Swift-LifeCycle */,
			);
		};
/* End PBXProject section */

/* Begin PBXResourcesBuildPhase section */
		FADF57902468A72F005D5E3B /* Resources */ = {
			isa = PBXResourcesBuildPhase;
			buildActionMask = 2147483647;
			files = (
				FADF57A02468A730005D5E3B /* LaunchScreen.storyboard in Resources */,
				FADF579D2468A730005D5E3B /* Assets.xcassets in Resources */,
				FADF579B2468A72F005D5E3B /* Main.storyboard in Resources */,
			);
			runOnlyForDeploymentPostprocessing = 0;
		};
/* End PBXResourcesBuildPhase section */

/* Begin PBXSourcesBuildPhase section */
		FADF578E2468A72F005D5E3B /* Sources */ = {
			isa = PBXSourcesBuildPhase;
			buildActionMask = 2147483647;
			files = (
				FADF57AA2468A772005D5E3B /* SecondViewController.swift in Sources */,
				FADF57A82468A762005D5E3B /* FirstViewController.swift in Sources */,
				FADF57982468A72F005D5E3B /* ViewController.swift in Sources */,
				FADF57AC2468A7D9005D5E3B /* VCLLoggingViewController.swift in Sources */,
				FADF57962468A72F005D5E3B /* AppDelegate.swift in Sources */,
			);
			runOnlyForDeploymentPostprocessing = 0;
		};
/* End PBXSourcesBuildPhase section */

/* Begin PBXVariantGroup section */
		FADF57992468A72F005D5E3B /* Main.storyboard */ = {
			isa = PBXVariantGroup;
			children = (
				FADF579A2468A72F005D5E3B /* Base */,
			);
			name = Main.storyboard;
			sourceTree = "<group>";
		};
		FADF579E2468A730005D5E3B /* LaunchScreen.storyboard */ = {
			isa = PBXVariantGroup;
			children = (
				FADF579F2468A730005D5E3B /* Base */,
			);
			name = LaunchScreen.storyboard;
			sourceTree = "<group>";
		};
/* End PBXVariantGroup section */

/* Begin XCBuildConfiguration section */
		FADF57A22468A730005D5E3B /* Debug */ = {
			isa = XCBuildConfiguration;
			buildSettings = {
				ALWAYS_SEARCH_USER_PATHS = NO;
				CLANG_ANALYZER_NONNULL = YES;
				CLANG_ANALYZER_NUMBER_OBJECT_CONVERSION = YES_AGGRESSIVE;
				CLANG_CXX_LANGUAGE_STANDARD = "gnu++14";
				CLANG_CXX_LIBRARY = "libc++";
				CLANG_ENABLE_MODULES = YES;
				CLANG_ENABLE_OBJC_ARC = YES;
				CLANG_ENABLE_OBJC_WEAK = YES;
				CLANG_WARN_BLOCK_CAPTURE_AUTORELEASING = YES;
				CLANG_WARN_BOOL_CONVERSION = YES;
				CLANG_WARN_COMMA = YES;
				CLANG_WARN_CONSTANT_CONVERSION = YES;
				CLANG_WARN_DEPRECATED_OBJC_IMPLEMENTATIONS = YES;
				CLANG_WARN_DIRECT_OBJC_ISA_USAGE = YES_ERROR;
				CLANG_WARN_DOCUMENTATION_COMMENTS = YES;
				CLANG_WARN_EMPTY_BODY = YES;
				CLANG_WARN_ENUM_CONVERSION = YES;
				CLANG_WARN_INFINITE_RECURSION = YES;
				CLANG_WARN_INT_CONVERSION = YES;
				CLANG_WARN_NON_LITERAL_NULL_CONVERSION = YES;
				CLANG_WARN_OBJC_IMPLICIT_RETAIN_SELF = YES;
				CLANG_WARN_OBJC_LITERAL_CONVERSION = YES;
				CLANG_WARN_OBJC_ROOT_CLASS = YES_ERROR;
				CLANG_WARN_RANGE_LOOP_ANALYSIS = YES;
				CLANG_WARN_STRICT_PROTOTYPES = YES;
				CLANG_WARN_SUSPICIOUS_MOVE = YES;
				CLANG_WARN_UNGUARDED_AVAILABILITY = YES_AGGRESSIVE;
				CLANG_WARN_UNREACHABLE_CODE = YES;
				CLANG_WARN__DUPLICATE_METHOD_MATCH = YES;
				CODE_SIGN_IDENTITY = "iPhone Developer";
				COPY_PHASE_STRIP = NO;
				DEBUG_INFORMATION_FORMAT = dwarf;
				ENABLE_STRICT_OBJC_MSGSEND = YES;
				ENABLE_TESTABILITY = YES;
				GCC_C_LANGUAGE_STANDARD = gnu11;
				GCC_DYNAMIC_NO_PIC = NO;
				GCC_NO_COMMON_BLOCKS = YES;
				GCC_OPTIMIZATION_LEVEL = 0;
				GCC_PREPROCESSOR_DEFINITIONS = (
					"DEBUG=1",
					"$(inherited)",
				);
				GCC_WARN_64_TO_32_BIT_CONVERSION = YES;
				GCC_WARN_ABOUT_RETURN_TYPE = YES_ERROR;
				GCC_WARN_UNDECLARED_SELECTOR = YES;
				GCC_WARN_UNINITIALIZED_AUTOS = YES_AGGRESSIVE;
				GCC_WARN_UNUSED_FUNCTION = YES;
				GCC_WARN_UNUSED_VARIABLE = YES;
				IPHONEOS_DEPLOYMENT_TARGET = 12.1;
				MTL_ENABLE_DEBUG_INFO = INCLUDE_SOURCE;
				MTL_FAST_MATH = YES;
				ONLY_ACTIVE_ARCH = YES;
				SDKROOT = iphoneos;
				SWIFT_ACTIVE_COMPILATION_CONDITIONS = DEBUG;
				SWIFT_OPTIMIZATION_LEVEL = "-Onone";
			};
			name = Debug;
		};
		FADF57A32468A730005D5E3B /* Release */ = {
			isa = XCBuildConfiguration;
			buildSettings = {
				ALWAYS_SEARCH_USER_PATHS = NO;
				CLANG_ANALYZER_NONNULL = YES;
				CLANG_ANALYZER_NUMBER_OBJECT_CONVERSION = YES_AGGRESSIVE;
				CLANG_CXX_LANGUAGE_STANDARD = "gnu++14";
				CLANG_CXX_LIBRARY = "libc++";
				CLANG_ENABLE_MODULES = YES;
				CLANG_ENABLE_OBJC_ARC = YES;
				CLANG_ENABLE_OBJC_WEAK = YES;
				CLANG_WARN_BLOCK_CAPTURE_AUTORELEASING = YES;
				CLANG_WARN_BOOL_CONVERSION = YES;
				CLANG_WARN_COMMA = YES;
				CLANG_WARN_CONSTANT_CONVERSION = YES;
				CLANG_WARN_DEPRECATED_OBJC_IMPLEMENTATIONS = YES;
				CLANG_WARN_DIRECT_OBJC_ISA_USAGE = YES_ERROR;
				CLANG_WARN_DOCUMENTATION_COMMENTS = YES;
				CLANG_WARN_EMPTY_BODY = YES;
				CLANG_WARN_ENUM_CONVERSION = YES;
				CLANG_WARN_INFINITE_RECURSION = YES;
				CLANG_WARN_INT_CONVERSION = YES;
				CLANG_WARN_NON_LITERAL_NULL_CONVERSION = YES;
				CLANG_WARN_OBJC_IMPLICIT_RETAIN_SELF = YES;
				CLANG_WARN_OBJC_LITERAL_CONVERSION = YES;
				CLANG_WARN_OBJC_ROOT_CLASS = YES_ERROR;
				CLANG_WARN_RANGE_LOOP_ANALYSIS = YES;
				CLANG_WARN_STRICT_PROTOTYPES = YES;
				CLANG_WARN_SUSPICIOUS_MOVE = YES;
				CLANG_WARN_UNGUARDED_AVAILABILITY = YES_AGGRESSIVE;
				CLANG_WARN_UNREACHABLE_CODE = YES;
				CLANG_WARN__DUPLICATE_METHOD_MATCH = YES;
				CODE_SIGN_IDENTITY = "iPhone Developer";
				COPY_PHASE_STRIP = NO;
				DEBUG_INFORMATION_FORMAT = "dwarf-with-dsym";
				ENABLE_NS_ASSERTIONS = NO;
				ENABLE_STRICT_OBJC_MSGSEND = YES;
				GCC_C_LANGUAGE_STANDARD = gnu11;
				GCC_NO_COMMON_BLOCKS = YES;
				GCC_WARN_64_TO_32_BIT_CONVERSION = YES;
				GCC_WARN_ABOUT_RETURN_TYPE = YES_ERROR;
				GCC_WARN_UNDECLARED_SELECTOR = YES;
				GCC_WARN_UNINITIALIZED_AUTOS = YES_AGGRESSIVE;
				GCC_WARN_UNUSED_FUNCTION = YES;
				GCC_WARN_UNUSED_VARIABLE = YES;
				IPHONEOS_DEPLOYMENT_TARGET = 12.1;
				MTL_ENABLE_DEBUG_INFO = NO;
				MTL_FAST_MATH = YES;
				SDKROOT = iphoneos;
				SWIFT_COMPILATION_MODE = wholemodule;
				SWIFT_OPTIMIZATION_LEVEL = "-O";
				VALIDATE_PRODUCT = YES;
			};
			name = Release;
		};
		FADF57A52468A730005D5E3B /* Debug */ = {
			isa = XCBuildConfiguration;
			buildSettings = {
				ASSETCATALOG_COMPILER_APPICON_NAME = AppIcon;
				CODE_SIGN_STYLE = Automatic;
				DEVELOPMENT_TEAM = WAHXQH4SC5;
				INFOPLIST_FILE = "iOS-Swift-LifeCycle/Info.plist";
				LD_RUNPATH_SEARCH_PATHS = (
					"$(inherited)",
					"@executable_path/Frameworks",
				);
				PRODUCT_BUNDLE_IDENTIFIER = "com.centurytrail.education.iOS-Swift-LifeCycle";
				PRODUCT_NAME = "$(TARGET_NAME)";
				SWIFT_VERSION = 4.2;
				TARGETED_DEVICE_FAMILY = "1,2";
			};
			name = Debug;
		};
		FADF57A62468A730005D5E3B /* Release */ = {
			isa = XCBuildConfiguration;
			buildSettings = {
				ASSETCATALOG_COMPILER_APPICON_NAME = AppIcon;
				CODE_SIGN_STYLE = Automatic;
				DEVELOPMENT_TEAM = WAHXQH4SC5;
				INFOPLIST_FILE = "iOS-Swift-LifeCycle/Info.plist";
				LD_RUNPATH_SEARCH_PATHS = (
					"$(inherited)",
					"@executable_path/Frameworks",
				);
				PRODUCT_BUNDLE_IDENTIFIER = "com.centurytrail.education.iOS-Swift-LifeCycle";
				PRODUCT_NAME = "$(TARGET_NAME)";
				SWIFT_VERSION = 4.2;
				TARGETED_DEVICE_FAMILY = "1,2";
			};
			name = Release;
		};
/* End XCBuildConfiguration section */

/* Begin XCConfigurationList section */
		FADF578D2468A72F005D5E3B /* Build configuration list for PBXProject "iOS-Swift-LifeCycle" */ = {
			isa = XCConfigurationList;
			buildConfigurations = (
				FADF57A22468A730005D5E3B /* Debug */,
				FADF57A32468A730005D5E3B /* Release */,
			);
			defaultConfigurationIsVisible = 0;
			defaultConfigurationName = Release;
		};
		FADF57A42468A730005D5E3B /* Build configuration list for PBXNativeTarget "iOS-Swift-LifeCycle" */ = {
			isa = XCConfigurationList;
			buildConfigurations = (
				FADF57A52468A730005D5E3B /* Debug */,
				FADF57A62468A730005D5E3B /* Release */,
			);
			defaultConfigurationIsVisible = 0;
			defaultConfigurationName = Release;
		};
/* End XCConfigurationList section */
	};
	rootObject = FADF578A2468A72F005D5E3B /* Project object */;
}
